// !$*UTF8*$!
{
	archiveVersion = 1;
	classes = {
	};
	objectVersion = 46;
	objects = {

/* Begin PBXBuildFile section */
		6035EF7D1D01CE680057509D /* AppDelegate.swift in Sources */ = {isa = PBXBuildFile; fileRef = 6035EF7C1D01CE680057509D /* AppDelegate.swift */; };
		6035EF821D01CE680057509D /* Main.storyboard in Resources */ = {isa = PBXBuildFile; fileRef = 6035EF801D01CE680057509D /* Main.storyboard */; };
		6035EF841D01CE680057509D /* Assets.xcassets in Resources */ = {isa = PBXBuildFile; fileRef = 6035EF831D01CE680057509D /* Assets.xcassets */; };
		6035EF871D01CE680057509D /* LaunchScreen.storyboard in Resources */ = {isa = PBXBuildFile; fileRef = 6035EF851D01CE680057509D /* LaunchScreen.storyboard */; };
		6035EF8F1D01D0210057509D /* TVC.swift in Sources */ = {isa = PBXBuildFile; fileRef = 6035EF8E1D01D0210057509D /* TVC.swift */; };
		6035EF911D01FEB60057509D /* ControlLibro.swift in Sources */ = {isa = PBXBuildFile; fileRef = 6035EF901D01FEB60057509D /* ControlLibro.swift */; };
		6035EFDF1D037DA70057509D /* InfoVC.swift in Sources */ = {isa = PBXBuildFile; fileRef = 6035EFDE1D037DA70057509D /* InfoVC.swift */; };
		6078D1691D17198E00FC07E5 /* PeticionServerTablaPersist.xcdatamodeld in Sources */ = {isa = PBXBuildFile; fileRef = 6078D1671D17198E00FC07E5 /* PeticionServerTablaPersist.xcdatamodeld */; };
/* End PBXBuildFile section */

/* Begin PBXFileReference section */
		6035EF791D01CE680057509D /* PeticionServerTablaPersist.app */ = {isa = PBXFileReference; explicitFileType = wrapper.application; includeInIndex = 0; path = PeticionServerTablaPersist.app; sourceTree = BUILT_PRODUCTS_DIR; };
		6035EF7C1D01CE680057509D /* AppDelegate.swift */ = {isa = PBXFileReference; lastKnownFileType = sourcecode.swift; path = AppDelegate.swift; sourceTree = "<group>"; };
		6035EF811D01CE680057509D /* Base */ = {isa = PBXFileReference; lastKnownFileType = file.storyboard; name = Base; path = Base.lproj/Main.storyboard; sourceTree = "<group>"; };
		6035EF831D01CE680057509D /* Assets.xcassets */ = {isa = PBXFileReference; lastKnownFileType = folder.assetcatalog; path = Assets.xcassets; sourceTree = "<group>"; };
		6035EF861D01CE680057509D /* Base */ = {isa = PBXFileReference; lastKnownFileType = file.storyboard; name = Base; path = Base.lproj/LaunchScreen.storyboard; sourceTree = "<group>"; };
		6035EF881D01CE680057509D /* Info.plist */ = {isa = PBXFileReference; lastKnownFileType = text.plist.xml; path = Info.plist; sourceTree = "<group>"; };
		6035EF8E1D01D0210057509D /* TVC.swift */ = {isa = PBXFileReference; fileEncoding = 4; lastKnownFileType = sourcecode.swift; path = TVC.swift; sourceTree = "<group>"; };
		6035EF901D01FEB60057509D /* ControlLibro.swift */ = {isa = PBXFileReference; fileEncoding = 4; lastKnownFileType = sourcecode.swift; path = ControlLibro.swift; sourceTree = "<group>"; };
		6035EFDE1D037DA70057509D /* InfoVC.swift */ = {isa = PBXFileReference; fileEncoding = 4; lastKnownFileType = sourcecode.swift; path = InfoVC.swift; sourceTree = "<group>"; };
		6078D1681D17198E00FC07E5 /* PeticionServerTablaPersist.xcdatamodel */ = {isa = PBXFileReference; lastKnownFileType = wrapper.xcdatamodel; path = PeticionServerTablaPersist.xcdatamodel; sourceTree = "<group>"; };
/* End PBXFileReference section */

/* Begin PBXFrameworksBuildPhase section */
		6035EF761D01CE680057509D /* Frameworks */ = {
			isa = PBXFrameworksBuildPhase;
			buildActionMask = 2147483647;
			files = (
			);
			runOnlyForDeploymentPostprocessing = 0;
		};
/* End PBXFrameworksBuildPhase section */

/* Begin PBXGroup section */
		6035EF701D01CE680057509D = {
			isa = PBXGroup;
			children = (
				6035EF7B1D01CE680057509D /* PeticionServerTabla */,
				6035EF7A1D01CE680057509D /* Products */,
			);
			sourceTree = "<group>";
		};
		6035EF7A1D01CE680057509D /* Products */ = {
			isa = PBXGroup;
			children = (
				6035EF791D01CE680057509D /* PeticionServerTablaPersist.app */,
			);
			name = Products;
			sourceTree = "<group>";
		};
		6035EF7B1D01CE680057509D /* PeticionServerTabla */ = {
			isa = PBXGroup;
			children = (
				6035EF7C1D01CE680057509D /* AppDelegate.swift */,
				6078D1671D17198E00FC07E5 /* PeticionServerTablaPersist.xcdatamodeld */,
				6035EF801D01CE680057509D /* Main.storyboard */,
				6035EF831D01CE680057509D /* Assets.xcassets */,
				6035EF851D01CE680057509D /* LaunchScreen.storyboard */,
				6035EF881D01CE680057509D /* Info.plist */,
				6035EF8E1D01D0210057509D /* TVC.swift */,
				6035EF901D01FEB60057509D /* ControlLibro.swift */,
				6035EFDE1D037DA70057509D /* InfoVC.swift */,
			);
			name = PeticionServerTabla;
			path = climaTabla;
			sourceTree = "<group>";
		};
/* End PBXGroup section */

/* Begin PBXNativeTarget section */
		6035EF781D01CE680057509D /* PeticionServerTablaPersist */ = {
			isa = PBXNativeTarget;
			buildConfigurationList = 6035EF8B1D01CE680057509D /* Build configuration list for PBXNativeTarget "PeticionServerTablaPersist" */;
			buildPhases = (
				6035EF751D01CE680057509D /* Sources */,
				6035EF761D01CE680057509D /* Frameworks */,
				6035EF771D01CE680057509D /* Resources */,
			);
			buildRules = (
			);
			dependencies = (
			);
			name = PeticionServerTablaPersist;
			productName = climaTabla;
			productReference = 6035EF791D01CE680057509D /* PeticionServerTablaPersist.app */;
			productType = "com.apple.product-type.application";
		};
/* End PBXNativeTarget section */

/* Begin PBXProject section */
		6035EF711D01CE680057509D /* Project object */ = {
			isa = PBXProject;
			attributes = {
				LastSwiftUpdateCheck = 0730;
				LastUpgradeCheck = 0730;
				ORGANIZATIONNAME = ERM;
				TargetAttributes = {
					6035EF781D01CE680057509D = {
						CreatedOnToolsVersion = 7.3;
					};
				};
			};
			buildConfigurationList = 6035EF741D01CE680057509D /* Build configuration list for PBXProject "PeticionServerTablaPersist" */;
			compatibilityVersion = "Xcode 3.2";
			developmentRegion = English;
			hasScannedForEncodings = 0;
			knownRegions = (
				en,
				Base,
			);
			mainGroup = 6035EF701D01CE680057509D;
			productRefGroup = 6035EF7A1D01CE680057509D /* Products */;
			projectDirPath = "";
			projectRoot = "";
			targets = (
				6035EF781D01CE680057509D /* PeticionServerTablaPersist */,
			);
		};
/* End PBXProject section */

/* Begin PBXResourcesBuildPhase section */
		6035EF771D01CE680057509D /* Resources */ = {
			isa = PBXResourcesBuildPhase;
			buildActionMask = 2147483647;
			files = (
				6035EF871D01CE680057509D /* LaunchScreen.storyboard in Resources */,
				6035EF841D01CE680057509D /* Assets.xcassets in Resources */,
				6035EF821D01CE680057509D /* Main.storyboard in Resources */,
			);
			runOnlyForDeploymentPostprocessing = 0;
		};
/* End PBXResourcesBuildPhase section */

/* Begin PBXSourcesBuildPhase section */
		6035EF751D01CE680057509D /* Sources */ = {
			isa = PBXSourcesBuildPhase;
			buildActionMask = 2147483647;
			files = (
				6035EFDF1D037DA70057509D /* InfoVC.swift in Sources */,
				6078D1691D17198E00FC07E5 /* PeticionServerTablaPersist.xcdatamodeld in Sources */,
				6035EF7D1D01CE680057509D /* AppDelegate.swift in Sources */,
				6035EF8F1D01D0210057509D /* TVC.swift in Sources */,
				6035EF911D01FEB60057509D /* ControlLibro.swift in Sources */,
			);
			runOnlyForDeploymentPostprocessing = 0;
		};
/* End PBXSourcesBuildPhase section */

/* Begin PBXVariantGroup section */
		6035EF801D01CE680057509D /* Main.storyboard */ = {
			isa = PBXVariantGroup;
			children = (
				6035EF811D01CE680057509D /* Base */,
			);
			name = Main.storyboard;
			sourceTree = "<group>";
		};
		6035EF851D01CE680057509D /* LaunchScreen.storyboard */ = {
			isa = PBXVariantGroup;
			children = (
				6035EF861D01CE680057509D /* Base */,
			);
			name = LaunchScreen.storyboard;
			sourceTree = "<group>";
		};
/* End PBXVariantGroup section */

/* Begin XCBuildConfiguration section */
		6035EF891D01CE680057509D /* Debug */ = {
			isa = XCBuildConfiguration;
			buildSettings = {
				ALWAYS_SEARCH_USER_PATHS = NO;
				CLANG_ANALYZER_NONNULL = YES;
				CLANG_CXX_LANGUAGE_STANDARD = "gnu++0x";
				CLANG_CXX_LIBRARY = "libc++";
				CLANG_ENABLE_MODULES = YES;
				CLANG_ENABLE_OBJC_ARC = YES;
				CLANG_WARN_BOOL_CONVERSION = YES;
				CLANG_WARN_CONSTANT_CONVERSION = YES;
				CLANG_WARN_DIRECT_OBJC_ISA_USAGE = YES_ERROR;
				CLANG_WARN_EMPTY_BODY = YES;
				CLANG_WARN_ENUM_CONVERSION = YES;
				CLANG_WARN_INT_CONVERSION = YES;
				CLANG_WARN_OBJC_ROOT_CLASS = YES_ERROR;
				CLANG_WARN_UNREACHABLE_CODE = YES;
				CLANG_WARN__DUPLICATE_METHOD_MATCH = YES;
				"CODE_SIGN_IDENTITY[sdk=iphoneos*]" = "iPhone Developer";
				COPY_PHASE_STRIP = NO;
				DEBUG_INFORMATION_FORMAT = dwarf;
				ENABLE_STRICT_OBJC_MSGSEND = YES;
				ENABLE_TESTABILITY = YES;
				GCC_C_LANGUAGE_STANDARD = gnu99;
				GCC_DYNAMIC_NO_PIC = NO;
				GCC_NO_COMMON_BLOCKS = YES;
				GCC_OPTIMIZATION_LEVEL = 0;
				GCC_PREPROCESSOR_DEFINITIONS = (
					"DEBUG=1",
					"$(inherited)",
				);
				GCC_WARN_64_TO_32_BIT_CONVERSION = YES;
				GCC_WARN_ABOUT_RETURN_TYPE = YES_ERROR;
				GCC_WARN_UNDECLARED_SELECTOR = YES;
				GCC_WARN_UNINITIALIZED_AUTOS = YES_AGGRESSIVE;
				GCC_WARN_UNUSED_FUNCTION = YES;
				GCC_WARN_UNUSED_VARIABLE = YES;
				IPHONEOS_DEPLOYMENT_TARGET = 9.3;
				MTL_ENABLE_DEBUG_INFO = YES;
				ONLY_ACTIVE_ARCH = YES;
				SDKROOT = iphoneos;
				SWIFT_OPTIMIZATION_LEVEL = "-Onone";
				TARGETED_DEVICE_FAMILY = "1,2";
			};
			name = Debug;
		};
		6035EF8A1D01CE680057509D /* Release */ = {
			isa = XCBuildConfiguration;
			buildSettings = {
				ALWAYS_SEARCH_USER_PATHS = NO;
				CLANG_ANALYZER_NONNULL = YES;
				CLANG_CXX_LANGUAGE_STANDARD = "gnu++0x";
				CLANG_CXX_LIBRARY = "libc++";
				CLANG_ENABLE_MODULES = YES;
				CLANG_ENABLE_OBJC_ARC = YES;
				CLANG_WARN_BOOL_CONVERSION = YES;
				CLANG_WARN_CONSTANT_CONVERSION = YES;
				CLANG_WARN_DIRECT_OBJC_ISA_USAGE = YES_ERROR;
				CLANG_WARN_EMPTY_BODY = YES;
				CLANG_WARN_ENUM_CONVERSION = YES;
				CLANG_WARN_INT_CONVERSION = YES;
				CLANG_WARN_OBJC_ROOT_CLASS = YES_ERROR;
				CLANG_WARN_UNREACHABLE_CODE = YES;
				CLANG_WARN__DUPLICATE_METHOD_MATCH = YES;
				"CODE_SIGN_IDENTITY[sdk=iphoneos*]" = "iPhone Developer";
				COPY_PHASE_STRIP = NO;
				DEBUG_INFORMATION_FORMAT = "dwarf-with-dsym";
				ENABLE_NS_ASSERTIONS = NO;
				ENABLE_STRICT_OBJC_MSGSEND = YES;
				GCC_C_LANGUAGE_STANDARD = gnu99;
				GCC_NO_COMMON_BLOCKS = YES;
				GCC_WARN_64_TO_32_BIT_CONVERSION = YES;
				GCC_WARN_ABOUT_RETURN_TYPE = YES_ERROR;
				GCC_WARN_UNDECLARED_SELECTOR = YES;
				GCC_WARN_UNINITIALIZED_AUTOS = YES_AGGRESSIVE;
				GCC_WARN_UNUSED_FUNCTION = YES;
				GCC_WARN_UNUSED_VARIABLE = YES;
				IPHONEOS_DEPLOYMENT_TARGET = 9.3;
				MTL_ENABLE_DEBUG_INFO = NO;
				SDKROOT = iphoneos;
				TARGETED_DEVICE_FAMILY = "1,2";
				VALIDATE_PRODUCT = YES;
			};
			name = Release;
		};
		6035EF8C1D01CE680057509D /* Debug */ = {
			isa = XCBuildConfiguration;
			buildSettings = {
				ASSETCATALOG_COMPILER_APPICON_NAME = AppIcon;
				INFOPLIST_FILE = climaTabla/Info.plist;
				LD_RUNPATH_SEARCH_PATHS = "$(inherited) @executable_path/Frameworks";
				PRODUCT_BUNDLE_IDENTIFIER = com.ERM.PeticionServerTablaPersist;
				PRODUCT_NAME = PeticionServerTablaPersist;
			};
			name = Debug;
		};
		6035EF8D1D01CE680057509D /* Release */ = {
			isa = XCBuildConfiguration;
			buildSettings = {
				ASSETCATALOG_COMPILER_APPICON_NAME = AppIcon;
				INFOPLIST_FILE = climaTabla/Info.plist;
				LD_RUNPATH_SEARCH_PATHS = "$(inherited) @executable_path/Frameworks";
				PRODUCT_BUNDLE_IDENTIFIER = com.ERM.PeticionServerTablaPersist;
				PRODUCT_NAME = PeticionServerTablaPersist;
			};
			name = Release;
		};
/* End XCBuildConfiguration section */

/* Begin XCConfigurationList section */
		6035EF741D01CE680057509D /* Build configuration list for PBXProject "PeticionServerTablaPersist" */ = {
			isa = XCConfigurationList;
			buildConfigurations = (
				6035EF891D01CE680057509D /* Debug */,
				6035EF8A1D01CE680057509D /* Release */,
			);
			defaultConfigurationIsVisible = 0;
			defaultConfigurationName = Release;
		};
		6035EF8B1D01CE680057509D /* Build configuration list for PBXNativeTarget "PeticionServerTablaPersist" */ = {
			isa = XCConfigurationList;
			buildConfigurations = (
				6035EF8C1D01CE680057509D /* Debug */,
				6035EF8D1D01CE680057509D /* Release */,
			);
			defaultConfigurationIsVisible = 0;
			defaultConfigurationName = Release;
		};
/* End XCConfigurationList section */

/* Begin XCVersionGroup section */
		6078D1671D17198E00FC07E5 /* PeticionServerTablaPersist.xcdatamodeld */ = {
			isa = XCVersionGroup;
			children = (
				6078D1681D17198E00FC07E5 /* PeticionServerTablaPersist.xcdatamodel */,
			);
			currentVersion = 6078D1681D17198E00FC07E5 /* PeticionServerTablaPersist.xcdatamodel */;
			path = PeticionServerTablaPersist.xcdatamodeld;
			sourceTree = "<group>";
			versionGroupType = wrapper.xcdatamodel;
		};
/* End XCVersionGroup section */
	};
	rootObject = 6035EF711D01CE680057509D /* Project object */;
}
